{
  "requires": true,
  "lockfileVersion": 1,
  "dependencies": {
    "@types/node": {
      "version": "11.13.17",
      "resolved": "https://registry.npmjs.org/@types/node/-/node-11.13.17.tgz",
      "integrity": "sha512-7W3kSMa8diVH6s24a8Qrmvwu+vG3ahOC/flMHFdWSdnPYoQI0yPO84h5zOWYXAha2Npn3Pw3SSuQSwBUfaniyQ==",
      "dev": true
    },
    "toposort": {
      "version": "2.0.2",
      "resolved": "https://registry.npmjs.org/toposort/-/toposort-2.0.2.tgz",
      "integrity": "sha1-riF2gXXRVZ1IvvNUILL0li8JwzA="
    }
  }
}
